
Microsoft Visual Studio Solution File, Format Version 12.00
# Visual Studio Version 16
VisualStudioVersion = 16.0.810.7
MinimumVisualStudioVersion = 10.0.40219.1
Project("{FAE04EC0-301F-11D3-BF4B-00C04F79EFBC}") = "tentative-first-steps", "tentative-first-steps\tentative-first-steps.csproj", "{3B58A899-7567-49B6-BDE5-9369E0961057}"
EndProject
Global
	GlobalSection(SolutionConfigurationPlatforms) = preSolution
		Debug|Any CPU = Debug|Any CPU
		Release|Any CPU = Release|Any CPU
	EndGlobalSection
	GlobalSection(ProjectConfigurationPlatforms) = postSolution
		{3B58A899-7567-49B6-BDE5-9369E0961057}.Debug|Any CPU.ActiveCfg = Debug|Any CPU
		{3B58A899-7567-49B6-BDE5-9369E0961057}.Debug|Any CPU.Build.0 = Debug|Any CPU
		{3B58A899-7567-49B6-BDE5-9369E0961057}.Release|Any CPU.ActiveCfg = Release|Any CPU
		{3B58A899-7567-49B6-BDE5-9369E0961057}.Release|Any CPU.Build.0 = Release|Any CPU
	EndGlobalSection
	GlobalSection(SolutionProperties) = preSolution
		HideSolutionNode = FALSE
	EndGlobalSection
	GlobalSection(ExtensibilityGlobals) = postSolution
		SolutionGuid = {A060BD28-8E88-4E64-A753-9C4808E89B03}
	EndGlobalSection
EndGlobal
